
Microsoft Visual Studio Solution File, Format Version 12.00
# Visual Studio Version 17
VisualStudioVersion = 17.8.34330.188
MinimumVisualStudioVersion = 10.0.40219.1
Project("{FAE04EC0-301F-11D3-BF4B-00C04F79EFBC}") = "Koneksi MariaDB", "Koneksi MariaDB\Koneksi MariaDB.csproj", "{1C7E3B2D-B7C3-420E-AC50-7F281B1A0343}"
EndProject
Global
	GlobalSection(SolutionConfigurationPlatforms) = preSolution
		Debug|Any CPU = Debug|Any CPU
		Release|Any CPU = Release|Any CPU
	EndGlobalSection
	GlobalSection(ProjectConfigurationPlatforms) = postSolution
		{1C7E3B2D-B7C3-420E-AC50-7F281B1A0343}.Debug|Any CPU.ActiveCfg = Debug|Any CPU
		{1C7E3B2D-B7C3-420E-AC50-7F281B1A0343}.Debug|Any CPU.Build.0 = Debug|Any CPU
		{1C7E3B2D-B7C3-420E-AC50-7F281B1A0343}.Release|Any CPU.ActiveCfg = Release|Any CPU
		{1C7E3B2D-B7C3-420E-AC50-7F281B1A0343}.Release|Any CPU.Build.0 = Release|Any CPU
	EndGlobalSection
	GlobalSection(SolutionProperties) = preSolution
		HideSolutionNode = FALSE
	EndGlobalSection
	GlobalSection(ExtensibilityGlobals) = postSolution
		SolutionGuid = {00222800-1BC3-49C3-90BA-FBD6AC40111A}
	EndGlobalSection
EndGlobal
